{
  "requires": true,
  "lockfileVersion": 1,
  "dependencies": {
    "temporal": {
      "version": "0.7.1",
      "resolved": "https://registry.npmjs.org/temporal/-/temporal-0.7.1.tgz",
      "integrity": "sha512-6Xd3c2llgkjGP7kn2LXuiHZ8/cRiIX5EsPcvn8slkAcayWEzf7xuXxd7BcgUm2djmI1DPFUSMFeFwQcLVMLsOw=="
    }
  }
}
